# This file is automatically @generated by Cargo.
# It is not intended for manual editing.
version = 4

[[package]]
name = "arena"
version = "0.1.0"

[[package]]
name = "magician"
version = "0.1.0"

[[package]]
name = "prophet"
version = "0.1.0"

[[package]]
name = "tactition"
version = "0.1.0"

[[package]]
name = "translator"
version = "0.1.0"

[[package]]
name = "warden"
version = "0.1.0"
